// !$*UTF8*$!
{
	archiveVersion = 1;
	classes = {
	};
	objectVersion = 46;
	objects = {

/* Begin PBXBuildFile section */
		1910371D1345326300922D54 /* Readme.markdown in Resources */ = {isa = PBXBuildFile; fileRef = 1910371C1345326300922D54 /* Readme.markdown */; };
		19518FBE13472FF300ABE293 /* JSFacebookLoginController.m in Sources */ = {isa = PBXBuildFile; fileRef = 19518FBD13472FF300ABE293 /* JSFacebookLoginController.m */; };
		19518FC21347335400ABE293 /* JSFacebook-NSString.m in Sources */ = {isa = PBXBuildFile; fileRef = 19518FC11347335400ABE293 /* JSFacebook-NSString.m */; };
		19518FE11347BE9400ABE293 /* MainWindow-iPad.xib in Resources */ = {isa = PBXBuildFile; fileRef = 19518FDF1347BE9400ABE293 /* MainWindow-iPad.xib */; };
		19521E0B134488210042E084 /* JSFacebook-NSDictionary.m in Sources */ = {isa = PBXBuildFile; fileRef = 19521E0A134488210042E084 /* JSFacebook-NSDictionary.m */; };
		1958B97A133E896500C90D1A /* UIKit.framework in Frameworks */ = {isa = PBXBuildFile; fileRef = 1958B979133E896500C90D1A /* UIKit.framework */; };
		1958B97C133E896500C90D1A /* Foundation.framework in Frameworks */ = {isa = PBXBuildFile; fileRef = 1958B97B133E896500C90D1A /* Foundation.framework */; };
		1958B97E133E896500C90D1A /* CoreGraphics.framework in Frameworks */ = {isa = PBXBuildFile; fileRef = 1958B97D133E896500C90D1A /* CoreGraphics.framework */; };
		1958B984133E896500C90D1A /* InfoPlist.strings in Resources */ = {isa = PBXBuildFile; fileRef = 1958B982133E896500C90D1A /* InfoPlist.strings */; };
		1958B987133E896500C90D1A /* main.m in Sources */ = {isa = PBXBuildFile; fileRef = 1958B986133E896500C90D1A /* main.m */; };
		1958B98A133E896500C90D1A /* FacebookAPIAppDelegate.m in Sources */ = {isa = PBXBuildFile; fileRef = 1958B989133E896500C90D1A /* FacebookAPIAppDelegate.m */; };
		1958B98D133E896500C90D1A /* MainWindow.xib in Resources */ = {isa = PBXBuildFile; fileRef = 1958B98B133E896500C90D1A /* MainWindow.xib */; };
		1958B990133E896500C90D1A /* RootViewController.m in Sources */ = {isa = PBXBuildFile; fileRef = 1958B98F133E896500C90D1A /* RootViewController.m */; };
		1958B9DF133E92F600C90D1A /* JSFacebook.m in Sources */ = {isa = PBXBuildFile; fileRef = 1958B9DE133E92F600C90D1A /* JSFacebook.m */; };
		195FB8E913413593006137FF /* JSFacebookRequest.m in Sources */ = {isa = PBXBuildFile; fileRef = 195FB8E813413593006137FF /* JSFacebookRequest.m */; };
/* End PBXBuildFile section */

/* Begin PBXFileReference section */
		1910371C1345326300922D54 /* Readme.markdown */ = {isa = PBXFileReference; fileEncoding = 4; lastKnownFileType = text; path = Readme.markdown; sourceTree = SOURCE_ROOT; };
		19518FBC13472FF300ABE293 /* JSFacebookLoginController.h */ = {isa = PBXFileReference; fileEncoding = 4; lastKnownFileType = sourcecode.c.h; path = JSFacebookLoginController.h; sourceTree = "<group>"; };
		19518FBD13472FF300ABE293 /* JSFacebookLoginController.m */ = {isa = PBXFileReference; fileEncoding = 4; lastKnownFileType = sourcecode.c.objc; path = JSFacebookLoginController.m; sourceTree = "<group>"; };
		19518FC01347335400ABE293 /* JSFacebook-NSString.h */ = {isa = PBXFileReference; fileEncoding = 4; lastKnownFileType = sourcecode.c.h; path = "JSFacebook-NSString.h"; sourceTree = "<group>"; };
		19518FC11347335400ABE293 /* JSFacebook-NSString.m */ = {isa = PBXFileReference; fileEncoding = 4; lastKnownFileType = sourcecode.c.objc; path = "JSFacebook-NSString.m"; sourceTree = "<group>"; };
		19518FE01347BE9400ABE293 /* en */ = {isa = PBXFileReference; lastKnownFileType = file.xib; name = en; path = "iPad/en.lproj/MainWindow-iPad.xib"; sourceTree = "<group>"; };
		19521E09134488210042E084 /* JSFacebook-NSDictionary.h */ = {isa = PBXFileReference; fileEncoding = 4; lastKnownFileType = sourcecode.c.h; path = "JSFacebook-NSDictionary.h"; sourceTree = "<group>"; };
		19521E0A134488210042E084 /* JSFacebook-NSDictionary.m */ = {isa = PBXFileReference; fileEncoding = 4; lastKnownFileType = sourcecode.c.objc; path = "JSFacebook-NSDictionary.m"; sourceTree = "<group>"; };
		1958B975133E896500C90D1A /* JSFacebook.app */ = {isa = PBXFileReference; explicitFileType = wrapper.application; includeInIndex = 0; path = JSFacebook.app; sourceTree = BUILT_PRODUCTS_DIR; };
		1958B979133E896500C90D1A /* UIKit.framework */ = {isa = PBXFileReference; lastKnownFileType = wrapper.framework; name = UIKit.framework; path = System/Library/Frameworks/UIKit.framework; sourceTree = SDKROOT; };
		1958B97B133E896500C90D1A /* Foundation.framework */ = {isa = PBXFileReference; lastKnownFileType = wrapper.framework; name = Foundation.framework; path = System/Library/Frameworks/Foundation.framework; sourceTree = SDKROOT; };
		1958B97D133E896500C90D1A /* CoreGraphics.framework */ = {isa = PBXFileReference; lastKnownFileType = wrapper.framework; name = CoreGraphics.framework; path = System/Library/Frameworks/CoreGraphics.framework; sourceTree = SDKROOT; };
		1958B981133E896500C90D1A /* JSFacebook-Info.plist */ = {isa = PBXFileReference; lastKnownFileType = text.plist.xml; path = "JSFacebook-Info.plist"; sourceTree = "<group>"; };
		1958B983133E896500C90D1A /* en */ = {isa = PBXFileReference; lastKnownFileType = text.plist.strings; name = en; path = en.lproj/InfoPlist.strings; sourceTree = "<group>"; };
		1958B985133E896500C90D1A /* JSFacebook-Prefix.pch */ = {isa = PBXFileReference; lastKnownFileType = sourcecode.c.h; path = "JSFacebook-Prefix.pch"; sourceTree = "<group>"; };
		1958B986133E896500C90D1A /* main.m */ = {isa = PBXFileReference; lastKnownFileType = sourcecode.c.objc; path = main.m; sourceTree = "<group>"; };
		1958B988133E896500C90D1A /* FacebookAPIAppDelegate.h */ = {isa = PBXFileReference; lastKnownFileType = sourcecode.c.h; path = FacebookAPIAppDelegate.h; sourceTree = "<group>"; };
		1958B989133E896500C90D1A /* FacebookAPIAppDelegate.m */ = {isa = PBXFileReference; lastKnownFileType = sourcecode.c.objc; path = FacebookAPIAppDelegate.m; sourceTree = "<group>"; };
		1958B98C133E896500C90D1A /* en */ = {isa = PBXFileReference; lastKnownFileType = file.xib; name = en; path = en.lproj/MainWindow.xib; sourceTree = "<group>"; };
		1958B98E133E896500C90D1A /* RootViewController.h */ = {isa = PBXFileReference; lastKnownFileType = sourcecode.c.h; path = RootViewController.h; sourceTree = "<group>"; };
		1958B98F133E896500C90D1A /* RootViewController.m */ = {isa = PBXFileReference; lastKnownFileType = sourcecode.c.objc; path = RootViewController.m; sourceTree = "<group>"; };
		1958B9DD133E92F600C90D1A /* JSFacebook.h */ = {isa = PBXFileReference; fileEncoding = 4; lastKnownFileType = sourcecode.c.h; path = JSFacebook.h; sourceTree = "<group>"; };
		1958B9DE133E92F600C90D1A /* JSFacebook.m */ = {isa = PBXFileReference; fileEncoding = 4; lastKnownFileType = sourcecode.c.objc; path = JSFacebook.m; sourceTree = "<group>"; };
		195FB8E713413593006137FF /* JSFacebookRequest.h */ = {isa = PBXFileReference; fileEncoding = 4; lastKnownFileType = sourcecode.c.h; path = JSFacebookRequest.h; sourceTree = "<group>"; };
		195FB8E813413593006137FF /* JSFacebookRequest.m */ = {isa = PBXFileReference; fileEncoding = 4; lastKnownFileType = sourcecode.c.objc; path = JSFacebookRequest.m; sourceTree = "<group>"; };
		197A727C133FF93100590300 /* Constants.h */ = {isa = PBXFileReference; fileEncoding = 4; lastKnownFileType = sourcecode.c.h; path = Constants.h; sourceTree = "<group>"; };
/* End PBXFileReference section */

/* Begin PBXFrameworksBuildPhase section */
		1958B972133E896500C90D1A /* Frameworks */ = {
			isa = PBXFrameworksBuildPhase;
			buildActionMask = 2147483647;
			files = (
				1958B97A133E896500C90D1A /* UIKit.framework in Frameworks */,
				1958B97C133E896500C90D1A /* Foundation.framework in Frameworks */,
				1958B97E133E896500C90D1A /* CoreGraphics.framework in Frameworks */,
			);
			runOnlyForDeploymentPostprocessing = 0;
		};
/* End PBXFrameworksBuildPhase section */

/* Begin PBXGroup section */
		1958B96A133E896400C90D1A = {
			isa = PBXGroup;
			children = (
				1958B97F133E896500C90D1A /* JSFacebook */,
				1958B978133E896500C90D1A /* Frameworks */,
				1958B976133E896500C90D1A /* Products */,
			);
			sourceTree = "<group>";
		};
		1958B976133E896500C90D1A /* Products */ = {
			isa = PBXGroup;
			children = (
				1958B975133E896500C90D1A /* JSFacebook.app */,
			);
			name = Products;
			sourceTree = "<group>";
		};
		1958B978133E896500C90D1A /* Frameworks */ = {
			isa = PBXGroup;
			children = (
				1958B979133E896500C90D1A /* UIKit.framework */,
				1958B97B133E896500C90D1A /* Foundation.framework */,
				1958B97D133E896500C90D1A /* CoreGraphics.framework */,
			);
			name = Frameworks;
			sourceTree = "<group>";
		};
		1958B97F133E896500C90D1A /* JSFacebook */ = {
			isa = PBXGroup;
			children = (
				1958B9DC133E92CB00C90D1A /* FBAPI */,
				1958B988133E896500C90D1A /* FacebookAPIAppDelegate.h */,
				1958B989133E896500C90D1A /* FacebookAPIAppDelegate.m */,
				1958B98E133E896500C90D1A /* RootViewController.h */,
				1958B98F133E896500C90D1A /* RootViewController.m */,
				1958B980133E896500C90D1A /* Supporting Files */,
			);
			path = JSFacebook;
			sourceTree = "<group>";
		};
		1958B980133E896500C90D1A /* Supporting Files */ = {
			isa = PBXGroup;
			children = (
				1958B98B133E896500C90D1A /* MainWindow.xib */,
				19518FDF1347BE9400ABE293 /* MainWindow-iPad.xib */,
				1910371C1345326300922D54 /* Readme.markdown */,
				1958B981133E896500C90D1A /* JSFacebook-Info.plist */,
				1958B982133E896500C90D1A /* InfoPlist.strings */,
				1958B985133E896500C90D1A /* JSFacebook-Prefix.pch */,
				197A727C133FF93100590300 /* Constants.h */,
				1958B986133E896500C90D1A /* main.m */,
			);
			name = "Supporting Files";
			sourceTree = "<group>";
		};
		1958B9DC133E92CB00C90D1A /* FBAPI */ = {
			isa = PBXGroup;
			children = (
				1958B9DD133E92F600C90D1A /* JSFacebook.h */,
				1958B9DE133E92F600C90D1A /* JSFacebook.m */,
				195FB8E713413593006137FF /* JSFacebookRequest.h */,
				195FB8E813413593006137FF /* JSFacebookRequest.m */,
				19518FBC13472FF300ABE293 /* JSFacebookLoginController.h */,
				19518FBD13472FF300ABE293 /* JSFacebookLoginController.m */,
				19521E09134488210042E084 /* JSFacebook-NSDictionary.h */,
				19521E0A134488210042E084 /* JSFacebook-NSDictionary.m */,
				19518FC01347335400ABE293 /* JSFacebook-NSString.h */,
				19518FC11347335400ABE293 /* JSFacebook-NSString.m */,
			);
			path = FBAPI;
			sourceTree = "<group>";
		};
/* End PBXGroup section */

/* Begin PBXNativeTarget section */
		1958B974133E896500C90D1A /* JSFacebook */ = {
			isa = PBXNativeTarget;
			buildConfigurationList = 1958B9AC133E896500C90D1A /* Build configuration list for PBXNativeTarget "JSFacebook" */;
			buildPhases = (
				1958B971133E896500C90D1A /* Sources */,
				1958B972133E896500C90D1A /* Frameworks */,
				1958B973133E896500C90D1A /* Resources */,
			);
			buildRules = (
			);
			dependencies = (
			);
			name = JSFacebook;
			productName = FacebookAPI;
			productReference = 1958B975133E896500C90D1A /* JSFacebook.app */;
			productType = "com.apple.product-type.application";
		};
/* End PBXNativeTarget section */

/* Begin PBXProject section */
		1958B96C133E896400C90D1A /* Project object */ = {
			isa = PBXProject;
			attributes = {
				LastUpgradeCheck = 0420;
				ORGANIZATIONNAME = JernejStrasner.com;
			};
			buildConfigurationList = 1958B96F133E896400C90D1A /* Build configuration list for PBXProject "JSFacebook" */;
			compatibilityVersion = "Xcode 3.2";
			developmentRegion = English;
			hasScannedForEncodings = 0;
			knownRegions = (
				en,
				English,
			);
			mainGroup = 1958B96A133E896400C90D1A;
			productRefGroup = 1958B976133E896500C90D1A /* Products */;
			projectDirPath = "";
			projectRoot = "";
			targets = (
				1958B974133E896500C90D1A /* JSFacebook */,
			);
		};
/* End PBXProject section */

/* Begin PBXResourcesBuildPhase section */
		1958B973133E896500C90D1A /* Resources */ = {
			isa = PBXResourcesBuildPhase;
			buildActionMask = 2147483647;
			files = (
				1958B984133E896500C90D1A /* InfoPlist.strings in Resources */,
				1958B98D133E896500C90D1A /* MainWindow.xib in Resources */,
				1910371D1345326300922D54 /* Readme.markdown in Resources */,
				19518FE11347BE9400ABE293 /* MainWindow-iPad.xib in Resources */,
			);
			runOnlyForDeploymentPostprocessing = 0;
		};
/* End PBXResourcesBuildPhase section */

/* Begin PBXSourcesBuildPhase section */
		1958B971133E896500C90D1A /* Sources */ = {
			isa = PBXSourcesBuildPhase;
			buildActionMask = 2147483647;
			files = (
				1958B987133E896500C90D1A /* main.m in Sources */,
				1958B98A133E896500C90D1A /* FacebookAPIAppDelegate.m in Sources */,
				1958B990133E896500C90D1A /* RootViewController.m in Sources */,
				1958B9DF133E92F600C90D1A /* JSFacebook.m in Sources */,
				195FB8E913413593006137FF /* JSFacebookRequest.m in Sources */,
				19521E0B134488210042E084 /* JSFacebook-NSDictionary.m in Sources */,
				19518FBE13472FF300ABE293 /* JSFacebookLoginController.m in Sources */,
				19518FC21347335400ABE293 /* JSFacebook-NSString.m in Sources */,
			);
			runOnlyForDeploymentPostprocessing = 0;
		};
/* End PBXSourcesBuildPhase section */

/* Begin PBXVariantGroup section */
		19518FDF1347BE9400ABE293 /* MainWindow-iPad.xib */ = {
			isa = PBXVariantGroup;
			children = (
				19518FE01347BE9400ABE293 /* en */,
			);
			name = "MainWindow-iPad.xib";
			sourceTree = "<group>";
		};
		1958B982133E896500C90D1A /* InfoPlist.strings */ = {
			isa = PBXVariantGroup;
			children = (
				1958B983133E896500C90D1A /* en */,
			);
			name = InfoPlist.strings;
			sourceTree = "<group>";
		};
		1958B98B133E896500C90D1A /* MainWindow.xib */ = {
			isa = PBXVariantGroup;
			children = (
				1958B98C133E896500C90D1A /* en */,
			);
			name = MainWindow.xib;
			sourceTree = "<group>";
		};
/* End PBXVariantGroup section */

/* Begin XCBuildConfiguration section */
		1958B9AA133E896500C90D1A /* Debug */ = {
			isa = XCBuildConfiguration;
			buildSettings = {
				ARCHS = "$(ARCHS_STANDARD_32_BIT)";
				"CODE_SIGN_IDENTITY[sdk=iphoneos*]" = "iPhone Developer";
				GCC_C_LANGUAGE_STANDARD = gnu99;
				GCC_OPTIMIZATION_LEVEL = 0;
				GCC_PREPROCESSOR_DEFINITIONS = DEBUG;
				GCC_SYMBOLS_PRIVATE_EXTERN = NO;
				GCC_VERSION = com.apple.compilers.llvm.clang.1_0;
				GCC_WARN_ABOUT_RETURN_TYPE = YES;
				GCC_WARN_UNUSED_VARIABLE = YES;
				IPHONEOS_DEPLOYMENT_TARGET = 5.0;
				SDKROOT = iphoneos;
			};
			name = Debug;
		};
		1958B9AB133E896500C90D1A /* Release */ = {
			isa = XCBuildConfiguration;
			buildSettings = {
				ARCHS = "$(ARCHS_STANDARD_32_BIT)";
				"CODE_SIGN_IDENTITY[sdk=iphoneos*]" = "iPhone Developer";
				GCC_C_LANGUAGE_STANDARD = gnu99;
				GCC_VERSION = com.apple.compilers.llvm.clang.1_0;
				GCC_WARN_ABOUT_RETURN_TYPE = YES;
				GCC_WARN_UNUSED_VARIABLE = YES;
				IPHONEOS_DEPLOYMENT_TARGET = 5.0;
				OTHER_CFLAGS = "-DNS_BLOCK_ASSERTIONS=1";
				SDKROOT = iphoneos;
			};
			name = Release;
		};
		1958B9AD133E896500C90D1A /* Debug */ = {
			isa = XCBuildConfiguration;
			buildSettings = {
				ALWAYS_SEARCH_USER_PATHS = NO;
				ARCHS = (
					armv6,
					"$(ARCHS_STANDARD_32_BIT)",
				);
				COPY_PHASE_STRIP = NO;
				GCC_C_LANGUAGE_STANDARD = c99;
				GCC_DYNAMIC_NO_PIC = NO;
				GCC_PRECOMPILE_PREFIX_HEADER = YES;
				GCC_PREFIX_HEADER = "JSFacebook/JSFacebook-Prefix.pch";
				GCC_VERSION = com.apple.compilers.llvm.clang.1_0;
				INFOPLIST_FILE = "JSFacebook/JSFacebook-Info.plist";
				IPHONEOS_DEPLOYMENT_TARGET = 5.0;
				PRODUCT_NAME = JSFacebook;
				TARGETED_DEVICE_FAMILY = "1,2";
				WRAPPER_EXTENSION = app;
			};
			name = Debug;
		};
		1958B9AE133E896500C90D1A /* Release */ = {
			isa = XCBuildConfiguration;
			buildSettings = {
				ALWAYS_SEARCH_USER_PATHS = NO;
				ARCHS = (
					armv6,
					"$(ARCHS_STANDARD_32_BIT)",
				);
				COPY_PHASE_STRIP = YES;
				GCC_C_LANGUAGE_STANDARD = c99;
				GCC_PRECOMPILE_PREFIX_HEADER = YES;
				GCC_PREFIX_HEADER = "JSFacebook/JSFacebook-Prefix.pch";
				GCC_VERSION = com.apple.compilers.llvm.clang.1_0;
				INFOPLIST_FILE = "JSFacebook/JSFacebook-Info.plist";
				IPHONEOS_DEPLOYMENT_TARGET = 5.0;
				PRODUCT_NAME = JSFacebook;
				TARGETED_DEVICE_FAMILY = "1,2";
				VALIDATE_PRODUCT = YES;
				WRAPPER_EXTENSION = app;
			};
			name = Release;
		};
/* End XCBuildConfiguration section */

/* Begin XCConfigurationList section */
		1958B96F133E896400C90D1A /* Build configuration list for PBXProject "JSFacebook" */ = {
			isa = XCConfigurationList;
			buildConfigurations = (
				1958B9AA133E896500C90D1A /* Debug */,
				1958B9AB133E896500C90D1A /* Release */,
			);
			defaultConfigurationIsVisible = 0;
			defaultConfigurationName = Release;
		};
		1958B9AC133E896500C90D1A /* Build configuration list for PBXNativeTarget "JSFacebook" */ = {
			isa = XCConfigurationList;
			buildConfigurations = (
				1958B9AD133E896500C90D1A /* Debug */,
				1958B9AE133E896500C90D1A /* Release */,
			);
			defaultConfigurationIsVisible = 0;
			defaultConfigurationName = Release;
		};
/* End XCConfigurationList section */
	};
	rootObject = 1958B96C133E896400C90D1A /* Project object */;
}
