// !$*UTF8*$!
{
	archiveVersion = 1;
	classes = {
	};
	objectVersion = 46;
	objects = {

/* Begin PBXBuildFile section */
		1910371A13452CA300922D54 /* README in Resources */ = {isa = PBXBuildFile; fileRef = 1910371913452CA300922D54 /* README */; };
		19521E0B134488210042E084 /* JSFacebook-NSDictionary.m in Sources */ = {isa = PBXBuildFile; fileRef = 19521E0A134488210042E084 /* JSFacebook-NSDictionary.m */; };
		1958B97A133E896500C90D1A /* UIKit.framework in Frameworks */ = {isa = PBXBuildFile; fileRef = 1958B979133E896500C90D1A /* UIKit.framework */; };
		1958B97C133E896500C90D1A /* Foundation.framework in Frameworks */ = {isa = PBXBuildFile; fileRef = 1958B97B133E896500C90D1A /* Foundation.framework */; };
		1958B97E133E896500C90D1A /* CoreGraphics.framework in Frameworks */ = {isa = PBXBuildFile; fileRef = 1958B97D133E896500C90D1A /* CoreGraphics.framework */; };
		1958B984133E896500C90D1A /* InfoPlist.strings in Resources */ = {isa = PBXBuildFile; fileRef = 1958B982133E896500C90D1A /* InfoPlist.strings */; };
		1958B987133E896500C90D1A /* main.m in Sources */ = {isa = PBXBuildFile; fileRef = 1958B986133E896500C90D1A /* main.m */; };
		1958B98A133E896500C90D1A /* FacebookAPIAppDelegate.m in Sources */ = {isa = PBXBuildFile; fileRef = 1958B989133E896500C90D1A /* FacebookAPIAppDelegate.m */; };
		1958B98D133E896500C90D1A /* MainWindow.xib in Resources */ = {isa = PBXBuildFile; fileRef = 1958B98B133E896500C90D1A /* MainWindow.xib */; };
		1958B990133E896500C90D1A /* RootViewController.m in Sources */ = {isa = PBXBuildFile; fileRef = 1958B98F133E896500C90D1A /* RootViewController.m */; };
		1958B993133E896500C90D1A /* RootViewController.xib in Resources */ = {isa = PBXBuildFile; fileRef = 1958B991133E896500C90D1A /* RootViewController.xib */; };
		1958B99A133E896500C90D1A /* UIKit.framework in Frameworks */ = {isa = PBXBuildFile; fileRef = 1958B979133E896500C90D1A /* UIKit.framework */; };
		1958B99B133E896500C90D1A /* Foundation.framework in Frameworks */ = {isa = PBXBuildFile; fileRef = 1958B97B133E896500C90D1A /* Foundation.framework */; };
		1958B99C133E896500C90D1A /* CoreGraphics.framework in Frameworks */ = {isa = PBXBuildFile; fileRef = 1958B97D133E896500C90D1A /* CoreGraphics.framework */; };
		1958B9A4133E896500C90D1A /* InfoPlist.strings in Resources */ = {isa = PBXBuildFile; fileRef = 1958B9A2133E896500C90D1A /* InfoPlist.strings */; };
		1958B9A7133E896500C90D1A /* FacebookAPITests.h in Resources */ = {isa = PBXBuildFile; fileRef = 1958B9A6133E896500C90D1A /* FacebookAPITests.h */; };
		1958B9A9133E896500C90D1A /* FacebookAPITests.m in Sources */ = {isa = PBXBuildFile; fileRef = 1958B9A8133E896500C90D1A /* FacebookAPITests.m */; };
		1958B9D0133E905B00C90D1A /* Facebook.m in Sources */ = {isa = PBXBuildFile; fileRef = 1958B9B9133E905B00C90D1A /* Facebook.m */; };
		1958B9D1133E905B00C90D1A /* FBDialog.bundle in Resources */ = {isa = PBXBuildFile; fileRef = 1958B9BB133E905B00C90D1A /* FBDialog.bundle */; };
		1958B9D2133E905B00C90D1A /* FBDialog.m in Sources */ = {isa = PBXBuildFile; fileRef = 1958B9BD133E905B00C90D1A /* FBDialog.m */; };
		1958B9D3133E905B00C90D1A /* FBLoginDialog.m in Sources */ = {isa = PBXBuildFile; fileRef = 1958B9BF133E905B00C90D1A /* FBLoginDialog.m */; };
		1958B9D4133E905B00C90D1A /* FBRequest.m in Sources */ = {isa = PBXBuildFile; fileRef = 1958B9C1133E905B00C90D1A /* FBRequest.m */; };
		1958B9D5133E905B00C90D1A /* NSObject+SBJSON.m in Sources */ = {isa = PBXBuildFile; fileRef = 1958B9C5133E905B00C90D1A /* NSObject+SBJSON.m */; };
		1958B9D6133E905B00C90D1A /* NSString+SBJSON.m in Sources */ = {isa = PBXBuildFile; fileRef = 1958B9C7133E905B00C90D1A /* NSString+SBJSON.m */; };
		1958B9D7133E905B00C90D1A /* SBJSON.m in Sources */ = {isa = PBXBuildFile; fileRef = 1958B9C9133E905B00C90D1A /* SBJSON.m */; };
		1958B9D8133E905B00C90D1A /* SBJsonBase.m in Sources */ = {isa = PBXBuildFile; fileRef = 1958B9CB133E905B00C90D1A /* SBJsonBase.m */; };
		1958B9D9133E905B00C90D1A /* SBJsonParser.m in Sources */ = {isa = PBXBuildFile; fileRef = 1958B9CD133E905B00C90D1A /* SBJsonParser.m */; };
		1958B9DA133E905B00C90D1A /* SBJsonWriter.m in Sources */ = {isa = PBXBuildFile; fileRef = 1958B9CF133E905B00C90D1A /* SBJsonWriter.m */; };
		1958B9DF133E92F600C90D1A /* JSFacebook.m in Sources */ = {isa = PBXBuildFile; fileRef = 1958B9DE133E92F600C90D1A /* JSFacebook.m */; };
		1958B9F3133EA5AB00C90D1A /* fbicon.png in Resources */ = {isa = PBXBuildFile; fileRef = 1958B9F2133EA5AB00C90D1A /* fbicon.png */; };
		195FB8E913413593006137FF /* JSFacebookRequest.m in Sources */ = {isa = PBXBuildFile; fileRef = 195FB8E813413593006137FF /* JSFacebookRequest.m */; };
/* End PBXBuildFile section */

/* Begin PBXContainerItemProxy section */
		1958B99D133E896500C90D1A /* PBXContainerItemProxy */ = {
			isa = PBXContainerItemProxy;
			containerPortal = 1958B96C133E896400C90D1A /* Project object */;
			proxyType = 1;
			remoteGlobalIDString = 1958B974133E896500C90D1A;
			remoteInfo = FacebookAPI;
		};
/* End PBXContainerItemProxy section */

/* Begin PBXFileReference section */
		1910371913452CA300922D54 /* README */ = {isa = PBXFileReference; fileEncoding = 4; lastKnownFileType = text; path = README; sourceTree = "<group>"; };
		19521E09134488210042E084 /* JSFacebook-NSDictionary.h */ = {isa = PBXFileReference; fileEncoding = 4; lastKnownFileType = sourcecode.c.h; path = "JSFacebook-NSDictionary.h"; sourceTree = "<group>"; };
		19521E0A134488210042E084 /* JSFacebook-NSDictionary.m */ = {isa = PBXFileReference; fileEncoding = 4; lastKnownFileType = sourcecode.c.objc; path = "JSFacebook-NSDictionary.m"; sourceTree = "<group>"; };
		1958B975133E896500C90D1A /* FacebookAPI.app */ = {isa = PBXFileReference; explicitFileType = wrapper.application; includeInIndex = 0; path = FacebookAPI.app; sourceTree = BUILT_PRODUCTS_DIR; };
		1958B979133E896500C90D1A /* UIKit.framework */ = {isa = PBXFileReference; lastKnownFileType = wrapper.framework; name = UIKit.framework; path = System/Library/Frameworks/UIKit.framework; sourceTree = SDKROOT; };
		1958B97B133E896500C90D1A /* Foundation.framework */ = {isa = PBXFileReference; lastKnownFileType = wrapper.framework; name = Foundation.framework; path = System/Library/Frameworks/Foundation.framework; sourceTree = SDKROOT; };
		1958B97D133E896500C90D1A /* CoreGraphics.framework */ = {isa = PBXFileReference; lastKnownFileType = wrapper.framework; name = CoreGraphics.framework; path = System/Library/Frameworks/CoreGraphics.framework; sourceTree = SDKROOT; };
		1958B981133E896500C90D1A /* FacebookAPI-Info.plist */ = {isa = PBXFileReference; lastKnownFileType = text.plist.xml; path = "FacebookAPI-Info.plist"; sourceTree = "<group>"; };
		1958B983133E896500C90D1A /* en */ = {isa = PBXFileReference; lastKnownFileType = text.plist.strings; name = en; path = en.lproj/InfoPlist.strings; sourceTree = "<group>"; };
		1958B985133E896500C90D1A /* FacebookAPI-Prefix.pch */ = {isa = PBXFileReference; lastKnownFileType = sourcecode.c.h; path = "FacebookAPI-Prefix.pch"; sourceTree = "<group>"; };
		1958B986133E896500C90D1A /* main.m */ = {isa = PBXFileReference; lastKnownFileType = sourcecode.c.objc; path = main.m; sourceTree = "<group>"; };
		1958B988133E896500C90D1A /* FacebookAPIAppDelegate.h */ = {isa = PBXFileReference; lastKnownFileType = sourcecode.c.h; path = FacebookAPIAppDelegate.h; sourceTree = "<group>"; };
		1958B989133E896500C90D1A /* FacebookAPIAppDelegate.m */ = {isa = PBXFileReference; lastKnownFileType = sourcecode.c.objc; path = FacebookAPIAppDelegate.m; sourceTree = "<group>"; };
		1958B98C133E896500C90D1A /* en */ = {isa = PBXFileReference; lastKnownFileType = file.xib; name = en; path = en.lproj/MainWindow.xib; sourceTree = "<group>"; };
		1958B98E133E896500C90D1A /* RootViewController.h */ = {isa = PBXFileReference; lastKnownFileType = sourcecode.c.h; path = RootViewController.h; sourceTree = "<group>"; };
		1958B98F133E896500C90D1A /* RootViewController.m */ = {isa = PBXFileReference; lastKnownFileType = sourcecode.c.objc; path = RootViewController.m; sourceTree = "<group>"; };
		1958B992133E896500C90D1A /* en */ = {isa = PBXFileReference; lastKnownFileType = file.xib; name = en; path = en.lproj/RootViewController.xib; sourceTree = "<group>"; };
		1958B999133E896500C90D1A /* FacebookAPITests.octest */ = {isa = PBXFileReference; explicitFileType = wrapper.cfbundle; includeInIndex = 0; path = FacebookAPITests.octest; sourceTree = BUILT_PRODUCTS_DIR; };
		1958B9A1133E896500C90D1A /* FacebookAPITests-Info.plist */ = {isa = PBXFileReference; lastKnownFileType = text.plist.xml; path = "FacebookAPITests-Info.plist"; sourceTree = "<group>"; };
		1958B9A3133E896500C90D1A /* en */ = {isa = PBXFileReference; lastKnownFileType = text.plist.strings; name = en; path = en.lproj/InfoPlist.strings; sourceTree = "<group>"; };
		1958B9A5133E896500C90D1A /* FacebookAPITests-Prefix.pch */ = {isa = PBXFileReference; lastKnownFileType = sourcecode.c.h; path = "FacebookAPITests-Prefix.pch"; sourceTree = "<group>"; };
		1958B9A6133E896500C90D1A /* FacebookAPITests.h */ = {isa = PBXFileReference; lastKnownFileType = sourcecode.c.h; path = FacebookAPITests.h; sourceTree = "<group>"; };
		1958B9A8133E896500C90D1A /* FacebookAPITests.m */ = {isa = PBXFileReference; lastKnownFileType = sourcecode.c.objc; path = FacebookAPITests.m; sourceTree = "<group>"; };
		1958B9B8133E905B00C90D1A /* Facebook.h */ = {isa = PBXFileReference; fileEncoding = 4; lastKnownFileType = sourcecode.c.h; name = Facebook.h; path = "../../Downloads/facebook-facebook-ios-sdk-479f284/src/Facebook.h"; sourceTree = "<group>"; };
		1958B9B9133E905B00C90D1A /* Facebook.m */ = {isa = PBXFileReference; fileEncoding = 4; lastKnownFileType = sourcecode.c.objc; name = Facebook.m; path = "../../Downloads/facebook-facebook-ios-sdk-479f284/src/Facebook.m"; sourceTree = "<group>"; };
		1958B9BA133E905B00C90D1A /* FBConnect.h */ = {isa = PBXFileReference; fileEncoding = 4; lastKnownFileType = sourcecode.c.h; name = FBConnect.h; path = "../../Downloads/facebook-facebook-ios-sdk-479f284/src/FBConnect.h"; sourceTree = "<group>"; };
		1958B9BB133E905B00C90D1A /* FBDialog.bundle */ = {isa = PBXFileReference; lastKnownFileType = "wrapper.plug-in"; name = FBDialog.bundle; path = "../../Downloads/facebook-facebook-ios-sdk-479f284/src/FBDialog.bundle"; sourceTree = "<group>"; };
		1958B9BC133E905B00C90D1A /* FBDialog.h */ = {isa = PBXFileReference; fileEncoding = 4; lastKnownFileType = sourcecode.c.h; name = FBDialog.h; path = "../../Downloads/facebook-facebook-ios-sdk-479f284/src/FBDialog.h"; sourceTree = "<group>"; };
		1958B9BD133E905B00C90D1A /* FBDialog.m */ = {isa = PBXFileReference; fileEncoding = 4; lastKnownFileType = sourcecode.c.objc; name = FBDialog.m; path = "../../Downloads/facebook-facebook-ios-sdk-479f284/src/FBDialog.m"; sourceTree = "<group>"; };
		1958B9BE133E905B00C90D1A /* FBLoginDialog.h */ = {isa = PBXFileReference; fileEncoding = 4; lastKnownFileType = sourcecode.c.h; name = FBLoginDialog.h; path = "../../Downloads/facebook-facebook-ios-sdk-479f284/src/FBLoginDialog.h"; sourceTree = "<group>"; };
		1958B9BF133E905B00C90D1A /* FBLoginDialog.m */ = {isa = PBXFileReference; fileEncoding = 4; lastKnownFileType = sourcecode.c.objc; name = FBLoginDialog.m; path = "../../Downloads/facebook-facebook-ios-sdk-479f284/src/FBLoginDialog.m"; sourceTree = "<group>"; };
		1958B9C0133E905B00C90D1A /* FBRequest.h */ = {isa = PBXFileReference; fileEncoding = 4; lastKnownFileType = sourcecode.c.h; name = FBRequest.h; path = "../../Downloads/facebook-facebook-ios-sdk-479f284/src/FBRequest.h"; sourceTree = "<group>"; };
		1958B9C1133E905B00C90D1A /* FBRequest.m */ = {isa = PBXFileReference; fileEncoding = 4; lastKnownFileType = sourcecode.c.objc; name = FBRequest.m; path = "../../Downloads/facebook-facebook-ios-sdk-479f284/src/FBRequest.m"; sourceTree = "<group>"; };
		1958B9C3133E905B00C90D1A /* JSON.h */ = {isa = PBXFileReference; fileEncoding = 4; lastKnownFileType = sourcecode.c.h; path = JSON.h; sourceTree = "<group>"; };
		1958B9C4133E905B00C90D1A /* NSObject+SBJSON.h */ = {isa = PBXFileReference; fileEncoding = 4; lastKnownFileType = sourcecode.c.h; path = "NSObject+SBJSON.h"; sourceTree = "<group>"; };
		1958B9C5133E905B00C90D1A /* NSObject+SBJSON.m */ = {isa = PBXFileReference; fileEncoding = 4; lastKnownFileType = sourcecode.c.objc; path = "NSObject+SBJSON.m"; sourceTree = "<group>"; };
		1958B9C6133E905B00C90D1A /* NSString+SBJSON.h */ = {isa = PBXFileReference; fileEncoding = 4; lastKnownFileType = sourcecode.c.h; path = "NSString+SBJSON.h"; sourceTree = "<group>"; };
		1958B9C7133E905B00C90D1A /* NSString+SBJSON.m */ = {isa = PBXFileReference; fileEncoding = 4; lastKnownFileType = sourcecode.c.objc; path = "NSString+SBJSON.m"; sourceTree = "<group>"; };
		1958B9C8133E905B00C90D1A /* SBJSON.h */ = {isa = PBXFileReference; fileEncoding = 4; lastKnownFileType = sourcecode.c.h; path = SBJSON.h; sourceTree = "<group>"; };
		1958B9C9133E905B00C90D1A /* SBJSON.m */ = {isa = PBXFileReference; fileEncoding = 4; lastKnownFileType = sourcecode.c.objc; path = SBJSON.m; sourceTree = "<group>"; };
		1958B9CA133E905B00C90D1A /* SBJsonBase.h */ = {isa = PBXFileReference; fileEncoding = 4; lastKnownFileType = sourcecode.c.h; path = SBJsonBase.h; sourceTree = "<group>"; };
		1958B9CB133E905B00C90D1A /* SBJsonBase.m */ = {isa = PBXFileReference; fileEncoding = 4; lastKnownFileType = sourcecode.c.objc; path = SBJsonBase.m; sourceTree = "<group>"; };
		1958B9CC133E905B00C90D1A /* SBJsonParser.h */ = {isa = PBXFileReference; fileEncoding = 4; lastKnownFileType = sourcecode.c.h; path = SBJsonParser.h; sourceTree = "<group>"; };
		1958B9CD133E905B00C90D1A /* SBJsonParser.m */ = {isa = PBXFileReference; fileEncoding = 4; lastKnownFileType = sourcecode.c.objc; path = SBJsonParser.m; sourceTree = "<group>"; };
		1958B9CE133E905B00C90D1A /* SBJsonWriter.h */ = {isa = PBXFileReference; fileEncoding = 4; lastKnownFileType = sourcecode.c.h; path = SBJsonWriter.h; sourceTree = "<group>"; };
		1958B9CF133E905B00C90D1A /* SBJsonWriter.m */ = {isa = PBXFileReference; fileEncoding = 4; lastKnownFileType = sourcecode.c.objc; path = SBJsonWriter.m; sourceTree = "<group>"; };
		1958B9DD133E92F600C90D1A /* JSFacebook.h */ = {isa = PBXFileReference; fileEncoding = 4; lastKnownFileType = sourcecode.c.h; path = JSFacebook.h; sourceTree = "<group>"; };
		1958B9DE133E92F600C90D1A /* JSFacebook.m */ = {isa = PBXFileReference; fileEncoding = 4; lastKnownFileType = sourcecode.c.objc; path = JSFacebook.m; sourceTree = "<group>"; };
		1958B9F2133EA5AB00C90D1A /* fbicon.png */ = {isa = PBXFileReference; lastKnownFileType = image.png; name = fbicon.png; path = ../fbicon.png; sourceTree = "<group>"; };
		195FB8E713413593006137FF /* JSFacebookRequest.h */ = {isa = PBXFileReference; fileEncoding = 4; lastKnownFileType = sourcecode.c.h; path = JSFacebookRequest.h; sourceTree = "<group>"; };
		195FB8E813413593006137FF /* JSFacebookRequest.m */ = {isa = PBXFileReference; fileEncoding = 4; lastKnownFileType = sourcecode.c.objc; path = JSFacebookRequest.m; sourceTree = "<group>"; };
		197A727C133FF93100590300 /* Constants.h */ = {isa = PBXFileReference; fileEncoding = 4; lastKnownFileType = sourcecode.c.h; path = Constants.h; sourceTree = "<group>"; };
/* End PBXFileReference section */

/* Begin PBXFrameworksBuildPhase section */
		1958B972133E896500C90D1A /* Frameworks */ = {
			isa = PBXFrameworksBuildPhase;
			buildActionMask = 2147483647;
			files = (
				1958B97A133E896500C90D1A /* UIKit.framework in Frameworks */,
				1958B97C133E896500C90D1A /* Foundation.framework in Frameworks */,
				1958B97E133E896500C90D1A /* CoreGraphics.framework in Frameworks */,
			);
			runOnlyForDeploymentPostprocessing = 0;
		};
		1958B995133E896500C90D1A /* Frameworks */ = {
			isa = PBXFrameworksBuildPhase;
			buildActionMask = 2147483647;
			files = (
				1958B99A133E896500C90D1A /* UIKit.framework in Frameworks */,
				1958B99B133E896500C90D1A /* Foundation.framework in Frameworks */,
				1958B99C133E896500C90D1A /* CoreGraphics.framework in Frameworks */,
			);
			runOnlyForDeploymentPostprocessing = 0;
		};
/* End PBXFrameworksBuildPhase section */

/* Begin PBXGroup section */
		1958B96A133E896400C90D1A = {
			isa = PBXGroup;
			children = (
				1958B97F133E896500C90D1A /* FacebookAPI */,
				1958B99F133E896500C90D1A /* FacebookAPITests */,
				1958B978133E896500C90D1A /* Frameworks */,
				1958B976133E896500C90D1A /* Products */,
			);
			sourceTree = "<group>";
		};
		1958B976133E896500C90D1A /* Products */ = {
			isa = PBXGroup;
			children = (
				1958B975133E896500C90D1A /* FacebookAPI.app */,
				1958B999133E896500C90D1A /* FacebookAPITests.octest */,
			);
			name = Products;
			sourceTree = "<group>";
		};
		1958B978133E896500C90D1A /* Frameworks */ = {
			isa = PBXGroup;
			children = (
				1958B979133E896500C90D1A /* UIKit.framework */,
				1958B97B133E896500C90D1A /* Foundation.framework */,
				1958B97D133E896500C90D1A /* CoreGraphics.framework */,
			);
			name = Frameworks;
			sourceTree = "<group>";
		};
		1958B97F133E896500C90D1A /* FacebookAPI */ = {
			isa = PBXGroup;
			children = (
				1958B9DB133E906000C90D1A /* FBConnect */,
				1958B9C2133E905B00C90D1A /* JSON */,
				1958B9DC133E92CB00C90D1A /* FBAPI */,
				1958B988133E896500C90D1A /* FacebookAPIAppDelegate.h */,
				1958B989133E896500C90D1A /* FacebookAPIAppDelegate.m */,
				1958B98B133E896500C90D1A /* MainWindow.xib */,
				1958B98E133E896500C90D1A /* RootViewController.h */,
				1958B98F133E896500C90D1A /* RootViewController.m */,
				1958B991133E896500C90D1A /* RootViewController.xib */,
				1958B980133E896500C90D1A /* Supporting Files */,
			);
			path = FacebookAPI;
			sourceTree = "<group>";
		};
		1958B980133E896500C90D1A /* Supporting Files */ = {
			isa = PBXGroup;
			children = (
				1958B9F2133EA5AB00C90D1A /* fbicon.png */,
				1958B981133E896500C90D1A /* FacebookAPI-Info.plist */,
				1958B982133E896500C90D1A /* InfoPlist.strings */,
				1958B985133E896500C90D1A /* FacebookAPI-Prefix.pch */,
				197A727C133FF93100590300 /* Constants.h */,
				1958B986133E896500C90D1A /* main.m */,
				1910371913452CA300922D54 /* README */,
			);
			name = "Supporting Files";
			sourceTree = "<group>";
		};
		1958B99F133E896500C90D1A /* FacebookAPITests */ = {
			isa = PBXGroup;
			children = (
				1958B9A6133E896500C90D1A /* FacebookAPITests.h */,
				1958B9A8133E896500C90D1A /* FacebookAPITests.m */,
				1958B9A0133E896500C90D1A /* Supporting Files */,
			);
			path = FacebookAPITests;
			sourceTree = "<group>";
		};
		1958B9A0133E896500C90D1A /* Supporting Files */ = {
			isa = PBXGroup;
			children = (
				1958B9A1133E896500C90D1A /* FacebookAPITests-Info.plist */,
				1958B9A2133E896500C90D1A /* InfoPlist.strings */,
				1958B9A5133E896500C90D1A /* FacebookAPITests-Prefix.pch */,
			);
			name = "Supporting Files";
			sourceTree = "<group>";
		};
		1958B9C2133E905B00C90D1A /* JSON */ = {
			isa = PBXGroup;
			children = (
				1958B9C3133E905B00C90D1A /* JSON.h */,
				1958B9C4133E905B00C90D1A /* NSObject+SBJSON.h */,
				1958B9C5133E905B00C90D1A /* NSObject+SBJSON.m */,
				1958B9C6133E905B00C90D1A /* NSString+SBJSON.h */,
				1958B9C7133E905B00C90D1A /* NSString+SBJSON.m */,
				1958B9C8133E905B00C90D1A /* SBJSON.h */,
				1958B9C9133E905B00C90D1A /* SBJSON.m */,
				1958B9CA133E905B00C90D1A /* SBJsonBase.h */,
				1958B9CB133E905B00C90D1A /* SBJsonBase.m */,
				1958B9CC133E905B00C90D1A /* SBJsonParser.h */,
				1958B9CD133E905B00C90D1A /* SBJsonParser.m */,
				1958B9CE133E905B00C90D1A /* SBJsonWriter.h */,
				1958B9CF133E905B00C90D1A /* SBJsonWriter.m */,
			);
			name = JSON;
			path = "../../../Downloads/facebook-facebook-ios-sdk-479f284/src/JSON";
			sourceTree = "<group>";
		};
		1958B9DB133E906000C90D1A /* FBConnect */ = {
			isa = PBXGroup;
			children = (
				1958B9BA133E905B00C90D1A /* FBConnect.h */,
				1958B9B8133E905B00C90D1A /* Facebook.h */,
				1958B9B9133E905B00C90D1A /* Facebook.m */,
				1958B9BC133E905B00C90D1A /* FBDialog.h */,
				1958B9BD133E905B00C90D1A /* FBDialog.m */,
				1958B9BE133E905B00C90D1A /* FBLoginDialog.h */,
				1958B9BF133E905B00C90D1A /* FBLoginDialog.m */,
				1958B9C0133E905B00C90D1A /* FBRequest.h */,
				1958B9C1133E905B00C90D1A /* FBRequest.m */,
				1958B9BB133E905B00C90D1A /* FBDialog.bundle */,
			);
			name = FBConnect;
			path = ..;
			sourceTree = "<group>";
		};
		1958B9DC133E92CB00C90D1A /* FBAPI */ = {
			isa = PBXGroup;
			children = (
				1958B9DD133E92F600C90D1A /* JSFacebook.h */,
				1958B9DE133E92F600C90D1A /* JSFacebook.m */,
				195FB8E713413593006137FF /* JSFacebookRequest.h */,
				195FB8E813413593006137FF /* JSFacebookRequest.m */,
				19521E09134488210042E084 /* JSFacebook-NSDictionary.h */,
				19521E0A134488210042E084 /* JSFacebook-NSDictionary.m */,
			);
			name = FBAPI;
			sourceTree = "<group>";
		};
/* End PBXGroup section */

/* Begin PBXNativeTarget section */
		1958B974133E896500C90D1A /* FacebookAPI */ = {
			isa = PBXNativeTarget;
			buildConfigurationList = 1958B9AC133E896500C90D1A /* Build configuration list for PBXNativeTarget "FacebookAPI" */;
			buildPhases = (
				1958B971133E896500C90D1A /* Sources */,
				1958B972133E896500C90D1A /* Frameworks */,
				1958B973133E896500C90D1A /* Resources */,
			);
			buildRules = (
			);
			dependencies = (
			);
			name = FacebookAPI;
			productName = FacebookAPI;
			productReference = 1958B975133E896500C90D1A /* FacebookAPI.app */;
			productType = "com.apple.product-type.application";
		};
		1958B998133E896500C90D1A /* FacebookAPITests */ = {
			isa = PBXNativeTarget;
			buildConfigurationList = 1958B9AF133E896500C90D1A /* Build configuration list for PBXNativeTarget "FacebookAPITests" */;
			buildPhases = (
				1958B994133E896500C90D1A /* Sources */,
				1958B995133E896500C90D1A /* Frameworks */,
				1958B996133E896500C90D1A /* Resources */,
				1958B997133E896500C90D1A /* ShellScript */,
			);
			buildRules = (
			);
			dependencies = (
				1958B99E133E896500C90D1A /* PBXTargetDependency */,
			);
			name = FacebookAPITests;
			productName = FacebookAPITests;
			productReference = 1958B999133E896500C90D1A /* FacebookAPITests.octest */;
			productType = "com.apple.product-type.bundle";
		};
/* End PBXNativeTarget section */

/* Begin PBXProject section */
		1958B96C133E896400C90D1A /* Project object */ = {
			isa = PBXProject;
			attributes = {
				ORGANIZATIONNAME = JernejStrasner.com;
			};
			buildConfigurationList = 1958B96F133E896400C90D1A /* Build configuration list for PBXProject "FacebookAPI" */;
			compatibilityVersion = "Xcode 3.2";
			developmentRegion = English;
			hasScannedForEncodings = 0;
			knownRegions = (
				en,
			);
			mainGroup = 1958B96A133E896400C90D1A;
			productRefGroup = 1958B976133E896500C90D1A /* Products */;
			projectDirPath = "";
			projectRoot = "";
			targets = (
				1958B974133E896500C90D1A /* FacebookAPI */,
				1958B998133E896500C90D1A /* FacebookAPITests */,
			);
		};
/* End PBXProject section */

/* Begin PBXResourcesBuildPhase section */
		1958B973133E896500C90D1A /* Resources */ = {
			isa = PBXResourcesBuildPhase;
			buildActionMask = 2147483647;
			files = (
				1958B984133E896500C90D1A /* InfoPlist.strings in Resources */,
				1958B98D133E896500C90D1A /* MainWindow.xib in Resources */,
				1958B993133E896500C90D1A /* RootViewController.xib in Resources */,
				1958B9D1133E905B00C90D1A /* FBDialog.bundle in Resources */,
				1958B9F3133EA5AB00C90D1A /* fbicon.png in Resources */,
				1910371A13452CA300922D54 /* README in Resources */,
			);
			runOnlyForDeploymentPostprocessing = 0;
		};
		1958B996133E896500C90D1A /* Resources */ = {
			isa = PBXResourcesBuildPhase;
			buildActionMask = 2147483647;
			files = (
				1958B9A4133E896500C90D1A /* InfoPlist.strings in Resources */,
				1958B9A7133E896500C90D1A /* FacebookAPITests.h in Resources */,
			);
			runOnlyForDeploymentPostprocessing = 0;
		};
/* End PBXResourcesBuildPhase section */

/* Begin PBXShellScriptBuildPhase section */
		1958B997133E896500C90D1A /* ShellScript */ = {
			isa = PBXShellScriptBuildPhase;
			buildActionMask = 2147483647;
			files = (
			);
			inputPaths = (
			);
			outputPaths = (
			);
			runOnlyForDeploymentPostprocessing = 0;
			shellPath = /bin/sh;
			shellScript = "# Run the unit tests in this test bundle.\n\"${SYSTEM_DEVELOPER_DIR}/Tools/RunUnitTests\"\n";
		};
/* End PBXShellScriptBuildPhase section */

/* Begin PBXSourcesBuildPhase section */
		1958B971133E896500C90D1A /* Sources */ = {
			isa = PBXSourcesBuildPhase;
			buildActionMask = 2147483647;
			files = (
				1958B987133E896500C90D1A /* main.m in Sources */,
				1958B98A133E896500C90D1A /* FacebookAPIAppDelegate.m in Sources */,
				1958B990133E896500C90D1A /* RootViewController.m in Sources */,
				1958B9D0133E905B00C90D1A /* Facebook.m in Sources */,
				1958B9D2133E905B00C90D1A /* FBDialog.m in Sources */,
				1958B9D3133E905B00C90D1A /* FBLoginDialog.m in Sources */,
				1958B9D4133E905B00C90D1A /* FBRequest.m in Sources */,
				1958B9D5133E905B00C90D1A /* NSObject+SBJSON.m in Sources */,
				1958B9D6133E905B00C90D1A /* NSString+SBJSON.m in Sources */,
				1958B9D7133E905B00C90D1A /* SBJSON.m in Sources */,
				1958B9D8133E905B00C90D1A /* SBJsonBase.m in Sources */,
				1958B9D9133E905B00C90D1A /* SBJsonParser.m in Sources */,
				1958B9DA133E905B00C90D1A /* SBJsonWriter.m in Sources */,
				1958B9DF133E92F600C90D1A /* JSFacebook.m in Sources */,
				195FB8E913413593006137FF /* JSFacebookRequest.m in Sources */,
				19521E0B134488210042E084 /* JSFacebook-NSDictionary.m in Sources */,
			);
			runOnlyForDeploymentPostprocessing = 0;
		};
		1958B994133E896500C90D1A /* Sources */ = {
			isa = PBXSourcesBuildPhase;
			buildActionMask = 2147483647;
			files = (
				1958B9A9133E896500C90D1A /* FacebookAPITests.m in Sources */,
			);
			runOnlyForDeploymentPostprocessing = 0;
		};
/* End PBXSourcesBuildPhase section */

/* Begin PBXTargetDependency section */
		1958B99E133E896500C90D1A /* PBXTargetDependency */ = {
			isa = PBXTargetDependency;
			target = 1958B974133E896500C90D1A /* FacebookAPI */;
			targetProxy = 1958B99D133E896500C90D1A /* PBXContainerItemProxy */;
		};
/* End PBXTargetDependency section */

/* Begin PBXVariantGroup section */
		1958B982133E896500C90D1A /* InfoPlist.strings */ = {
			isa = PBXVariantGroup;
			children = (
				1958B983133E896500C90D1A /* en */,
			);
			name = InfoPlist.strings;
			sourceTree = "<group>";
		};
		1958B98B133E896500C90D1A /* MainWindow.xib */ = {
			isa = PBXVariantGroup;
			children = (
				1958B98C133E896500C90D1A /* en */,
			);
			name = MainWindow.xib;
			sourceTree = "<group>";
		};
		1958B991133E896500C90D1A /* RootViewController.xib */ = {
			isa = PBXVariantGroup;
			children = (
				1958B992133E896500C90D1A /* en */,
			);
			name = RootViewController.xib;
			sourceTree = "<group>";
		};
		1958B9A2133E896500C90D1A /* InfoPlist.strings */ = {
			isa = PBXVariantGroup;
			children = (
				1958B9A3133E896500C90D1A /* en */,
			);
			name = InfoPlist.strings;
			sourceTree = "<group>";
		};
/* End PBXVariantGroup section */

/* Begin XCBuildConfiguration section */
		1958B9AA133E896500C90D1A /* Debug */ = {
			isa = XCBuildConfiguration;
			buildSettings = {
				ARCHS = "$(ARCHS_STANDARD_32_BIT)";
				"CODE_SIGN_IDENTITY[sdk=iphoneos*]" = "iPhone Developer";
				GCC_C_LANGUAGE_STANDARD = gnu99;
				GCC_OPTIMIZATION_LEVEL = 0;
				GCC_PREPROCESSOR_DEFINITIONS = DEBUG;
				GCC_SYMBOLS_PRIVATE_EXTERN = NO;
				GCC_VERSION = com.apple.compilers.llvmgcc42;
				GCC_WARN_ABOUT_RETURN_TYPE = YES;
				GCC_WARN_UNUSED_VARIABLE = YES;
				IPHONEOS_DEPLOYMENT_TARGET = 4.3;
				SDKROOT = iphoneos;
			};
			name = Debug;
		};
		1958B9AB133E896500C90D1A /* Release */ = {
			isa = XCBuildConfiguration;
			buildSettings = {
				ARCHS = "$(ARCHS_STANDARD_32_BIT)";
				"CODE_SIGN_IDENTITY[sdk=iphoneos*]" = "iPhone Developer";
				GCC_C_LANGUAGE_STANDARD = gnu99;
				GCC_VERSION = com.apple.compilers.llvmgcc42;
				GCC_WARN_ABOUT_RETURN_TYPE = YES;
				GCC_WARN_UNUSED_VARIABLE = YES;
				IPHONEOS_DEPLOYMENT_TARGET = 4.3;
				OTHER_CFLAGS = "-DNS_BLOCK_ASSERTIONS=1";
				SDKROOT = iphoneos;
			};
			name = Release;
		};
		1958B9AD133E896500C90D1A /* Debug */ = {
			isa = XCBuildConfiguration;
			buildSettings = {
				ALWAYS_SEARCH_USER_PATHS = NO;
				COPY_PHASE_STRIP = NO;
				GCC_C_LANGUAGE_STANDARD = c99;
				GCC_DYNAMIC_NO_PIC = NO;
				GCC_PRECOMPILE_PREFIX_HEADER = YES;
				GCC_PREFIX_HEADER = "FacebookAPI/FacebookAPI-Prefix.pch";
				GCC_VERSION = com.apple.compilers.llvm.clang.1_0;
				INFOPLIST_FILE = "FacebookAPI/FacebookAPI-Info.plist";
				PRODUCT_NAME = "$(TARGET_NAME)";
				WRAPPER_EXTENSION = app;
			};
			name = Debug;
		};
		1958B9AE133E896500C90D1A /* Release */ = {
			isa = XCBuildConfiguration;
			buildSettings = {
				ALWAYS_SEARCH_USER_PATHS = NO;
				COPY_PHASE_STRIP = YES;
				GCC_C_LANGUAGE_STANDARD = c99;
				GCC_PRECOMPILE_PREFIX_HEADER = YES;
				GCC_PREFIX_HEADER = "FacebookAPI/FacebookAPI-Prefix.pch";
				GCC_VERSION = com.apple.compilers.llvm.clang.1_0;
				INFOPLIST_FILE = "FacebookAPI/FacebookAPI-Info.plist";
				PRODUCT_NAME = "$(TARGET_NAME)";
				VALIDATE_PRODUCT = YES;
				WRAPPER_EXTENSION = app;
			};
			name = Release;
		};
		1958B9B0133E896500C90D1A /* Debug */ = {
			isa = XCBuildConfiguration;
			buildSettings = {
				ALWAYS_SEARCH_USER_PATHS = NO;
				BUNDLE_LOADER = "$(BUILT_PRODUCTS_DIR)/FacebookAPI.app/FacebookAPI";
				FRAMEWORK_SEARCH_PATHS = (
					"$(SDKROOT)/Developer/Library/Frameworks",
					"$(DEVELOPER_LIBRARY_DIR)/Frameworks",
				);
				GCC_PRECOMPILE_PREFIX_HEADER = YES;
				GCC_PREFIX_HEADER = "FacebookAPITests/FacebookAPITests-Prefix.pch";
				INFOPLIST_FILE = "FacebookAPITests/FacebookAPITests-Info.plist";
				OTHER_LDFLAGS = (
					"-framework",
					SenTestingKit,
				);
				PRODUCT_NAME = "$(TARGET_NAME)";
				TEST_HOST = "$(BUNDLE_LOADER)";
				WRAPPER_EXTENSION = octest;
			};
			name = Debug;
		};
		1958B9B1133E896500C90D1A /* Release */ = {
			isa = XCBuildConfiguration;
			buildSettings = {
				ALWAYS_SEARCH_USER_PATHS = NO;
				BUNDLE_LOADER = "$(BUILT_PRODUCTS_DIR)/FacebookAPI.app/FacebookAPI";
				FRAMEWORK_SEARCH_PATHS = (
					"$(SDKROOT)/Developer/Library/Frameworks",
					"$(DEVELOPER_LIBRARY_DIR)/Frameworks",
				);
				GCC_PRECOMPILE_PREFIX_HEADER = YES;
				GCC_PREFIX_HEADER = "FacebookAPITests/FacebookAPITests-Prefix.pch";
				INFOPLIST_FILE = "FacebookAPITests/FacebookAPITests-Info.plist";
				OTHER_LDFLAGS = (
					"-framework",
					SenTestingKit,
				);
				PRODUCT_NAME = "$(TARGET_NAME)";
				TEST_HOST = "$(BUNDLE_LOADER)";
				WRAPPER_EXTENSION = octest;
			};
			name = Release;
		};
/* End XCBuildConfiguration section */

/* Begin XCConfigurationList section */
		1958B96F133E896400C90D1A /* Build configuration list for PBXProject "FacebookAPI" */ = {
			isa = XCConfigurationList;
			buildConfigurations = (
				1958B9AA133E896500C90D1A /* Debug */,
				1958B9AB133E896500C90D1A /* Release */,
			);
			defaultConfigurationIsVisible = 0;
			defaultConfigurationName = Release;
		};
		1958B9AC133E896500C90D1A /* Build configuration list for PBXNativeTarget "FacebookAPI" */ = {
			isa = XCConfigurationList;
			buildConfigurations = (
				1958B9AD133E896500C90D1A /* Debug */,
				1958B9AE133E896500C90D1A /* Release */,
			);
			defaultConfigurationIsVisible = 0;
			defaultConfigurationName = Release;
		};
		1958B9AF133E896500C90D1A /* Build configuration list for PBXNativeTarget "FacebookAPITests" */ = {
			isa = XCConfigurationList;
			buildConfigurations = (
				1958B9B0133E896500C90D1A /* Debug */,
				1958B9B1133E896500C90D1A /* Release */,
			);
			defaultConfigurationIsVisible = 0;
			defaultConfigurationName = Release;
		};
/* End XCConfigurationList section */
	};
	rootObject = 1958B96C133E896400C90D1A /* Project object */;
}
