// !$*UTF8*$!
{
	archiveVersion = 1;
	classes = {
	};
	objectVersion = 46;
	objects = {

/* Begin PBXBuildFile section */
		1910371D1345326300922D54 /* README in Resources */ = {isa = PBXBuildFile; fileRef = 1910371C1345326300922D54 /* README */; };
		19521E0B134488210042E084 /* JSFacebook-NSDictionary.m in Sources */ = {isa = PBXBuildFile; fileRef = 19521E0A134488210042E084 /* JSFacebook-NSDictionary.m */; };
		1958B97A133E896500C90D1A /* UIKit.framework in Frameworks */ = {isa = PBXBuildFile; fileRef = 1958B979133E896500C90D1A /* UIKit.framework */; };
		1958B97C133E896500C90D1A /* Foundation.framework in Frameworks */ = {isa = PBXBuildFile; fileRef = 1958B97B133E896500C90D1A /* Foundation.framework */; };
		1958B97E133E896500C90D1A /* CoreGraphics.framework in Frameworks */ = {isa = PBXBuildFile; fileRef = 1958B97D133E896500C90D1A /* CoreGraphics.framework */; };
		1958B984133E896500C90D1A /* InfoPlist.strings in Resources */ = {isa = PBXBuildFile; fileRef = 1958B982133E896500C90D1A /* InfoPlist.strings */; };
		1958B987133E896500C90D1A /* main.m in Sources */ = {isa = PBXBuildFile; fileRef = 1958B986133E896500C90D1A /* main.m */; };
		1958B98A133E896500C90D1A /* FacebookAPIAppDelegate.m in Sources */ = {isa = PBXBuildFile; fileRef = 1958B989133E896500C90D1A /* FacebookAPIAppDelegate.m */; };
		1958B98D133E896500C90D1A /* MainWindow.xib in Resources */ = {isa = PBXBuildFile; fileRef = 1958B98B133E896500C90D1A /* MainWindow.xib */; };
		1958B990133E896500C90D1A /* RootViewController.m in Sources */ = {isa = PBXBuildFile; fileRef = 1958B98F133E896500C90D1A /* RootViewController.m */; };
		1958B993133E896500C90D1A /* RootViewController.xib in Resources */ = {isa = PBXBuildFile; fileRef = 1958B991133E896500C90D1A /* RootViewController.xib */; };
		1958B9DF133E92F600C90D1A /* JSFacebook.m in Sources */ = {isa = PBXBuildFile; fileRef = 1958B9DE133E92F600C90D1A /* JSFacebook.m */; };
		195FB8E913413593006137FF /* JSFacebookRequest.m in Sources */ = {isa = PBXBuildFile; fileRef = 195FB8E813413593006137FF /* JSFacebookRequest.m */; };
		19CE79DC1345CCF100C7D60E /* fbicon.png in Resources */ = {isa = PBXBuildFile; fileRef = 19CE79DB1345CCF100C7D60E /* fbicon.png */; };
		19CE7D201345CF9200C7D60E /* Facebook.m in Sources */ = {isa = PBXBuildFile; fileRef = 19CE7D091345CF9200C7D60E /* Facebook.m */; };
		19CE7D211345CF9200C7D60E /* FBDialog.bundle in Resources */ = {isa = PBXBuildFile; fileRef = 19CE7D0B1345CF9200C7D60E /* FBDialog.bundle */; };
		19CE7D221345CF9200C7D60E /* FBDialog.m in Sources */ = {isa = PBXBuildFile; fileRef = 19CE7D0D1345CF9200C7D60E /* FBDialog.m */; };
		19CE7D231345CF9200C7D60E /* FBLoginDialog.m in Sources */ = {isa = PBXBuildFile; fileRef = 19CE7D0F1345CF9200C7D60E /* FBLoginDialog.m */; };
		19CE7D241345CF9200C7D60E /* FBRequest.m in Sources */ = {isa = PBXBuildFile; fileRef = 19CE7D111345CF9200C7D60E /* FBRequest.m */; };
		19CE7D251345CF9200C7D60E /* NSObject+SBJSON.m in Sources */ = {isa = PBXBuildFile; fileRef = 19CE7D151345CF9200C7D60E /* NSObject+SBJSON.m */; };
		19CE7D261345CF9200C7D60E /* NSString+SBJSON.m in Sources */ = {isa = PBXBuildFile; fileRef = 19CE7D171345CF9200C7D60E /* NSString+SBJSON.m */; };
		19CE7D271345CF9200C7D60E /* SBJSON.m in Sources */ = {isa = PBXBuildFile; fileRef = 19CE7D191345CF9200C7D60E /* SBJSON.m */; };
		19CE7D281345CF9200C7D60E /* SBJsonBase.m in Sources */ = {isa = PBXBuildFile; fileRef = 19CE7D1B1345CF9200C7D60E /* SBJsonBase.m */; };
		19CE7D291345CF9200C7D60E /* SBJsonParser.m in Sources */ = {isa = PBXBuildFile; fileRef = 19CE7D1D1345CF9200C7D60E /* SBJsonParser.m */; };
		19CE7D2A1345CF9200C7D60E /* SBJsonWriter.m in Sources */ = {isa = PBXBuildFile; fileRef = 19CE7D1F1345CF9200C7D60E /* SBJsonWriter.m */; };
/* End PBXBuildFile section */

/* Begin PBXFileReference section */
		1910371C1345326300922D54 /* README */ = {isa = PBXFileReference; fileEncoding = 4; lastKnownFileType = text; path = README; sourceTree = SOURCE_ROOT; };
		19521E09134488210042E084 /* JSFacebook-NSDictionary.h */ = {isa = PBXFileReference; fileEncoding = 4; lastKnownFileType = sourcecode.c.h; path = "JSFacebook-NSDictionary.h"; sourceTree = "<group>"; };
		19521E0A134488210042E084 /* JSFacebook-NSDictionary.m */ = {isa = PBXFileReference; fileEncoding = 4; lastKnownFileType = sourcecode.c.objc; path = "JSFacebook-NSDictionary.m"; sourceTree = "<group>"; };
		1958B975133E896500C90D1A /* FacebookAPI.app */ = {isa = PBXFileReference; explicitFileType = wrapper.application; includeInIndex = 0; path = FacebookAPI.app; sourceTree = BUILT_PRODUCTS_DIR; };
		1958B979133E896500C90D1A /* UIKit.framework */ = {isa = PBXFileReference; lastKnownFileType = wrapper.framework; name = UIKit.framework; path = System/Library/Frameworks/UIKit.framework; sourceTree = SDKROOT; };
		1958B97B133E896500C90D1A /* Foundation.framework */ = {isa = PBXFileReference; lastKnownFileType = wrapper.framework; name = Foundation.framework; path = System/Library/Frameworks/Foundation.framework; sourceTree = SDKROOT; };
		1958B97D133E896500C90D1A /* CoreGraphics.framework */ = {isa = PBXFileReference; lastKnownFileType = wrapper.framework; name = CoreGraphics.framework; path = System/Library/Frameworks/CoreGraphics.framework; sourceTree = SDKROOT; };
		1958B981133E896500C90D1A /* FacebookAPI-Info.plist */ = {isa = PBXFileReference; lastKnownFileType = text.plist.xml; path = "FacebookAPI-Info.plist"; sourceTree = "<group>"; };
		1958B983133E896500C90D1A /* en */ = {isa = PBXFileReference; lastKnownFileType = text.plist.strings; name = en; path = en.lproj/InfoPlist.strings; sourceTree = "<group>"; };
		1958B985133E896500C90D1A /* FacebookAPI-Prefix.pch */ = {isa = PBXFileReference; lastKnownFileType = sourcecode.c.h; path = "FacebookAPI-Prefix.pch"; sourceTree = "<group>"; };
		1958B986133E896500C90D1A /* main.m */ = {isa = PBXFileReference; lastKnownFileType = sourcecode.c.objc; path = main.m; sourceTree = "<group>"; };
		1958B988133E896500C90D1A /* FacebookAPIAppDelegate.h */ = {isa = PBXFileReference; lastKnownFileType = sourcecode.c.h; path = FacebookAPIAppDelegate.h; sourceTree = "<group>"; };
		1958B989133E896500C90D1A /* FacebookAPIAppDelegate.m */ = {isa = PBXFileReference; lastKnownFileType = sourcecode.c.objc; path = FacebookAPIAppDelegate.m; sourceTree = "<group>"; };
		1958B98C133E896500C90D1A /* en */ = {isa = PBXFileReference; lastKnownFileType = file.xib; name = en; path = en.lproj/MainWindow.xib; sourceTree = "<group>"; };
		1958B98E133E896500C90D1A /* RootViewController.h */ = {isa = PBXFileReference; lastKnownFileType = sourcecode.c.h; path = RootViewController.h; sourceTree = "<group>"; };
		1958B98F133E896500C90D1A /* RootViewController.m */ = {isa = PBXFileReference; lastKnownFileType = sourcecode.c.objc; path = RootViewController.m; sourceTree = "<group>"; };
		1958B992133E896500C90D1A /* en */ = {isa = PBXFileReference; lastKnownFileType = file.xib; name = en; path = en.lproj/RootViewController.xib; sourceTree = "<group>"; };
		1958B9DD133E92F600C90D1A /* JSFacebook.h */ = {isa = PBXFileReference; fileEncoding = 4; lastKnownFileType = sourcecode.c.h; path = JSFacebook.h; sourceTree = "<group>"; };
		1958B9DE133E92F600C90D1A /* JSFacebook.m */ = {isa = PBXFileReference; fileEncoding = 4; lastKnownFileType = sourcecode.c.objc; path = JSFacebook.m; sourceTree = "<group>"; };
		195FB8E713413593006137FF /* JSFacebookRequest.h */ = {isa = PBXFileReference; fileEncoding = 4; lastKnownFileType = sourcecode.c.h; path = JSFacebookRequest.h; sourceTree = "<group>"; };
		195FB8E813413593006137FF /* JSFacebookRequest.m */ = {isa = PBXFileReference; fileEncoding = 4; lastKnownFileType = sourcecode.c.objc; path = JSFacebookRequest.m; sourceTree = "<group>"; };
		197A727C133FF93100590300 /* Constants.h */ = {isa = PBXFileReference; fileEncoding = 4; lastKnownFileType = sourcecode.c.h; path = Constants.h; sourceTree = "<group>"; };
		19CE79DB1345CCF100C7D60E /* fbicon.png */ = {isa = PBXFileReference; lastKnownFileType = image.png; name = fbicon.png; path = images/fbicon.png; sourceTree = SOURCE_ROOT; };
		19CE7D081345CF9200C7D60E /* Facebook.h */ = {isa = PBXFileReference; fileEncoding = 4; lastKnownFileType = sourcecode.c.h; path = Facebook.h; sourceTree = "<group>"; };
		19CE7D091345CF9200C7D60E /* Facebook.m */ = {isa = PBXFileReference; fileEncoding = 4; lastKnownFileType = sourcecode.c.objc; path = Facebook.m; sourceTree = "<group>"; };
		19CE7D0A1345CF9200C7D60E /* FBConnect.h */ = {isa = PBXFileReference; fileEncoding = 4; lastKnownFileType = sourcecode.c.h; path = FBConnect.h; sourceTree = "<group>"; };
		19CE7D0B1345CF9200C7D60E /* FBDialog.bundle */ = {isa = PBXFileReference; lastKnownFileType = "wrapper.plug-in"; path = FBDialog.bundle; sourceTree = "<group>"; };
		19CE7D0C1345CF9200C7D60E /* FBDialog.h */ = {isa = PBXFileReference; fileEncoding = 4; lastKnownFileType = sourcecode.c.h; path = FBDialog.h; sourceTree = "<group>"; };
		19CE7D0D1345CF9200C7D60E /* FBDialog.m */ = {isa = PBXFileReference; fileEncoding = 4; lastKnownFileType = sourcecode.c.objc; path = FBDialog.m; sourceTree = "<group>"; };
		19CE7D0E1345CF9200C7D60E /* FBLoginDialog.h */ = {isa = PBXFileReference; fileEncoding = 4; lastKnownFileType = sourcecode.c.h; path = FBLoginDialog.h; sourceTree = "<group>"; };
		19CE7D0F1345CF9200C7D60E /* FBLoginDialog.m */ = {isa = PBXFileReference; fileEncoding = 4; lastKnownFileType = sourcecode.c.objc; path = FBLoginDialog.m; sourceTree = "<group>"; };
		19CE7D101345CF9200C7D60E /* FBRequest.h */ = {isa = PBXFileReference; fileEncoding = 4; lastKnownFileType = sourcecode.c.h; path = FBRequest.h; sourceTree = "<group>"; };
		19CE7D111345CF9200C7D60E /* FBRequest.m */ = {isa = PBXFileReference; fileEncoding = 4; lastKnownFileType = sourcecode.c.objc; path = FBRequest.m; sourceTree = "<group>"; };
		19CE7D131345CF9200C7D60E /* JSON.h */ = {isa = PBXFileReference; fileEncoding = 4; lastKnownFileType = sourcecode.c.h; path = JSON.h; sourceTree = "<group>"; };
		19CE7D141345CF9200C7D60E /* NSObject+SBJSON.h */ = {isa = PBXFileReference; fileEncoding = 4; lastKnownFileType = sourcecode.c.h; path = "NSObject+SBJSON.h"; sourceTree = "<group>"; };
		19CE7D151345CF9200C7D60E /* NSObject+SBJSON.m */ = {isa = PBXFileReference; fileEncoding = 4; lastKnownFileType = sourcecode.c.objc; path = "NSObject+SBJSON.m"; sourceTree = "<group>"; };
		19CE7D161345CF9200C7D60E /* NSString+SBJSON.h */ = {isa = PBXFileReference; fileEncoding = 4; lastKnownFileType = sourcecode.c.h; path = "NSString+SBJSON.h"; sourceTree = "<group>"; };
		19CE7D171345CF9200C7D60E /* NSString+SBJSON.m */ = {isa = PBXFileReference; fileEncoding = 4; lastKnownFileType = sourcecode.c.objc; path = "NSString+SBJSON.m"; sourceTree = "<group>"; };
		19CE7D181345CF9200C7D60E /* SBJSON.h */ = {isa = PBXFileReference; fileEncoding = 4; lastKnownFileType = sourcecode.c.h; path = SBJSON.h; sourceTree = "<group>"; };
		19CE7D191345CF9200C7D60E /* SBJSON.m */ = {isa = PBXFileReference; fileEncoding = 4; lastKnownFileType = sourcecode.c.objc; path = SBJSON.m; sourceTree = "<group>"; };
		19CE7D1A1345CF9200C7D60E /* SBJsonBase.h */ = {isa = PBXFileReference; fileEncoding = 4; lastKnownFileType = sourcecode.c.h; path = SBJsonBase.h; sourceTree = "<group>"; };
		19CE7D1B1345CF9200C7D60E /* SBJsonBase.m */ = {isa = PBXFileReference; fileEncoding = 4; lastKnownFileType = sourcecode.c.objc; path = SBJsonBase.m; sourceTree = "<group>"; };
		19CE7D1C1345CF9200C7D60E /* SBJsonParser.h */ = {isa = PBXFileReference; fileEncoding = 4; lastKnownFileType = sourcecode.c.h; path = SBJsonParser.h; sourceTree = "<group>"; };
		19CE7D1D1345CF9200C7D60E /* SBJsonParser.m */ = {isa = PBXFileReference; fileEncoding = 4; lastKnownFileType = sourcecode.c.objc; path = SBJsonParser.m; sourceTree = "<group>"; };
		19CE7D1E1345CF9200C7D60E /* SBJsonWriter.h */ = {isa = PBXFileReference; fileEncoding = 4; lastKnownFileType = sourcecode.c.h; path = SBJsonWriter.h; sourceTree = "<group>"; };
		19CE7D1F1345CF9200C7D60E /* SBJsonWriter.m */ = {isa = PBXFileReference; fileEncoding = 4; lastKnownFileType = sourcecode.c.objc; path = SBJsonWriter.m; sourceTree = "<group>"; };
/* End PBXFileReference section */

/* Begin PBXFrameworksBuildPhase section */
		1958B972133E896500C90D1A /* Frameworks */ = {
			isa = PBXFrameworksBuildPhase;
			buildActionMask = 2147483647;
			files = (
				1958B97A133E896500C90D1A /* UIKit.framework in Frameworks */,
				1958B97C133E896500C90D1A /* Foundation.framework in Frameworks */,
				1958B97E133E896500C90D1A /* CoreGraphics.framework in Frameworks */,
			);
			runOnlyForDeploymentPostprocessing = 0;
		};
/* End PBXFrameworksBuildPhase section */

/* Begin PBXGroup section */
		1958B96A133E896400C90D1A = {
			isa = PBXGroup;
			children = (
				19CE7D071345CF9200C7D60E /* facebook-ios-sdk */,
				1958B97F133E896500C90D1A /* FacebookAPI */,
				1958B978133E896500C90D1A /* Frameworks */,
				1958B976133E896500C90D1A /* Products */,
			);
			sourceTree = "<group>";
		};
		1958B976133E896500C90D1A /* Products */ = {
			isa = PBXGroup;
			children = (
				1958B975133E896500C90D1A /* FacebookAPI.app */,
			);
			name = Products;
			sourceTree = "<group>";
		};
		1958B978133E896500C90D1A /* Frameworks */ = {
			isa = PBXGroup;
			children = (
				1958B979133E896500C90D1A /* UIKit.framework */,
				1958B97B133E896500C90D1A /* Foundation.framework */,
				1958B97D133E896500C90D1A /* CoreGraphics.framework */,
			);
			name = Frameworks;
			sourceTree = "<group>";
		};
		1958B97F133E896500C90D1A /* FacebookAPI */ = {
			isa = PBXGroup;
			children = (
				1958B9DC133E92CB00C90D1A /* FBAPI */,
				1958B988133E896500C90D1A /* FacebookAPIAppDelegate.h */,
				1958B989133E896500C90D1A /* FacebookAPIAppDelegate.m */,
				1958B98B133E896500C90D1A /* MainWindow.xib */,
				1958B98E133E896500C90D1A /* RootViewController.h */,
				1958B98F133E896500C90D1A /* RootViewController.m */,
				1958B991133E896500C90D1A /* RootViewController.xib */,
				1958B980133E896500C90D1A /* Supporting Files */,
			);
			path = FacebookAPI;
			sourceTree = "<group>";
		};
		1958B980133E896500C90D1A /* Supporting Files */ = {
			isa = PBXGroup;
			children = (
				19CE79DA1345CCC800C7D60E /* images */,
				1910371C1345326300922D54 /* README */,
				1958B981133E896500C90D1A /* FacebookAPI-Info.plist */,
				1958B982133E896500C90D1A /* InfoPlist.strings */,
				1958B985133E896500C90D1A /* FacebookAPI-Prefix.pch */,
				197A727C133FF93100590300 /* Constants.h */,
				1958B986133E896500C90D1A /* main.m */,
			);
			name = "Supporting Files";
			sourceTree = "<group>";
		};
		1958B9DC133E92CB00C90D1A /* FBAPI */ = {
			isa = PBXGroup;
			children = (
				1958B9DD133E92F600C90D1A /* JSFacebook.h */,
				1958B9DE133E92F600C90D1A /* JSFacebook.m */,
				195FB8E713413593006137FF /* JSFacebookRequest.h */,
				195FB8E813413593006137FF /* JSFacebookRequest.m */,
				19521E09134488210042E084 /* JSFacebook-NSDictionary.h */,
				19521E0A134488210042E084 /* JSFacebook-NSDictionary.m */,
			);
			name = FBAPI;
			sourceTree = "<group>";
		};
		19CE79DA1345CCC800C7D60E /* images */ = {
			isa = PBXGroup;
			children = (
				19CE79DB1345CCF100C7D60E /* fbicon.png */,
			);
			name = images;
			sourceTree = "<group>";
		};
		19CE7D071345CF9200C7D60E /* facebook-ios-sdk */ = {
			isa = PBXGroup;
			children = (
				19CE7D081345CF9200C7D60E /* Facebook.h */,
				19CE7D091345CF9200C7D60E /* Facebook.m */,
				19CE7D0A1345CF9200C7D60E /* FBConnect.h */,
				19CE7D0B1345CF9200C7D60E /* FBDialog.bundle */,
				19CE7D0C1345CF9200C7D60E /* FBDialog.h */,
				19CE7D0D1345CF9200C7D60E /* FBDialog.m */,
				19CE7D0E1345CF9200C7D60E /* FBLoginDialog.h */,
				19CE7D0F1345CF9200C7D60E /* FBLoginDialog.m */,
				19CE7D101345CF9200C7D60E /* FBRequest.h */,
				19CE7D111345CF9200C7D60E /* FBRequest.m */,
				19CE7D121345CF9200C7D60E /* JSON */,
			);
			path = "facebook-ios-sdk";
			sourceTree = "<group>";
		};
		19CE7D121345CF9200C7D60E /* JSON */ = {
			isa = PBXGroup;
			children = (
				19CE7D131345CF9200C7D60E /* JSON.h */,
				19CE7D141345CF9200C7D60E /* NSObject+SBJSON.h */,
				19CE7D151345CF9200C7D60E /* NSObject+SBJSON.m */,
				19CE7D161345CF9200C7D60E /* NSString+SBJSON.h */,
				19CE7D171345CF9200C7D60E /* NSString+SBJSON.m */,
				19CE7D181345CF9200C7D60E /* SBJSON.h */,
				19CE7D191345CF9200C7D60E /* SBJSON.m */,
				19CE7D1A1345CF9200C7D60E /* SBJsonBase.h */,
				19CE7D1B1345CF9200C7D60E /* SBJsonBase.m */,
				19CE7D1C1345CF9200C7D60E /* SBJsonParser.h */,
				19CE7D1D1345CF9200C7D60E /* SBJsonParser.m */,
				19CE7D1E1345CF9200C7D60E /* SBJsonWriter.h */,
				19CE7D1F1345CF9200C7D60E /* SBJsonWriter.m */,
			);
			path = JSON;
			sourceTree = "<group>";
		};
/* End PBXGroup section */

/* Begin PBXNativeTarget section */
		1958B974133E896500C90D1A /* FacebookAPI */ = {
			isa = PBXNativeTarget;
			buildConfigurationList = 1958B9AC133E896500C90D1A /* Build configuration list for PBXNativeTarget "FacebookAPI" */;
			buildPhases = (
				1958B971133E896500C90D1A /* Sources */,
				1958B972133E896500C90D1A /* Frameworks */,
				1958B973133E896500C90D1A /* Resources */,
			);
			buildRules = (
			);
			dependencies = (
			);
			name = FacebookAPI;
			productName = FacebookAPI;
			productReference = 1958B975133E896500C90D1A /* FacebookAPI.app */;
			productType = "com.apple.product-type.application";
		};
/* End PBXNativeTarget section */

/* Begin PBXProject section */
		1958B96C133E896400C90D1A /* Project object */ = {
			isa = PBXProject;
			attributes = {
				ORGANIZATIONNAME = JernejStrasner.com;
			};
			buildConfigurationList = 1958B96F133E896400C90D1A /* Build configuration list for PBXProject "FacebookAPI" */;
			compatibilityVersion = "Xcode 3.2";
			developmentRegion = English;
			hasScannedForEncodings = 0;
			knownRegions = (
				en,
				English,
			);
			mainGroup = 1958B96A133E896400C90D1A;
			productRefGroup = 1958B976133E896500C90D1A /* Products */;
			projectDirPath = "";
			projectRoot = "";
			targets = (
				1958B974133E896500C90D1A /* FacebookAPI */,
			);
		};
/* End PBXProject section */

/* Begin PBXResourcesBuildPhase section */
		1958B973133E896500C90D1A /* Resources */ = {
			isa = PBXResourcesBuildPhase;
			buildActionMask = 2147483647;
			files = (
				1958B984133E896500C90D1A /* InfoPlist.strings in Resources */,
				1958B98D133E896500C90D1A /* MainWindow.xib in Resources */,
				1958B993133E896500C90D1A /* RootViewController.xib in Resources */,
				1910371D1345326300922D54 /* README in Resources */,
				19CE79DC1345CCF100C7D60E /* fbicon.png in Resources */,
				19CE7D211345CF9200C7D60E /* FBDialog.bundle in Resources */,
			);
			runOnlyForDeploymentPostprocessing = 0;
		};
/* End PBXResourcesBuildPhase section */

/* Begin PBXSourcesBuildPhase section */
		1958B971133E896500C90D1A /* Sources */ = {
			isa = PBXSourcesBuildPhase;
			buildActionMask = 2147483647;
			files = (
				1958B987133E896500C90D1A /* main.m in Sources */,
				1958B98A133E896500C90D1A /* FacebookAPIAppDelegate.m in Sources */,
				1958B990133E896500C90D1A /* RootViewController.m in Sources */,
				1958B9DF133E92F600C90D1A /* JSFacebook.m in Sources */,
				195FB8E913413593006137FF /* JSFacebookRequest.m in Sources */,
				19521E0B134488210042E084 /* JSFacebook-NSDictionary.m in Sources */,
				19CE7D201345CF9200C7D60E /* Facebook.m in Sources */,
				19CE7D221345CF9200C7D60E /* FBDialog.m in Sources */,
				19CE7D231345CF9200C7D60E /* FBLoginDialog.m in Sources */,
				19CE7D241345CF9200C7D60E /* FBRequest.m in Sources */,
				19CE7D251345CF9200C7D60E /* NSObject+SBJSON.m in Sources */,
				19CE7D261345CF9200C7D60E /* NSString+SBJSON.m in Sources */,
				19CE7D271345CF9200C7D60E /* SBJSON.m in Sources */,
				19CE7D281345CF9200C7D60E /* SBJsonBase.m in Sources */,
				19CE7D291345CF9200C7D60E /* SBJsonParser.m in Sources */,
				19CE7D2A1345CF9200C7D60E /* SBJsonWriter.m in Sources */,
			);
			runOnlyForDeploymentPostprocessing = 0;
		};
/* End PBXSourcesBuildPhase section */

/* Begin PBXVariantGroup section */
		1958B982133E896500C90D1A /* InfoPlist.strings */ = {
			isa = PBXVariantGroup;
			children = (
				1958B983133E896500C90D1A /* en */,
			);
			name = InfoPlist.strings;
			sourceTree = "<group>";
		};
		1958B98B133E896500C90D1A /* MainWindow.xib */ = {
			isa = PBXVariantGroup;
			children = (
				1958B98C133E896500C90D1A /* en */,
			);
			name = MainWindow.xib;
			sourceTree = "<group>";
		};
		1958B991133E896500C90D1A /* RootViewController.xib */ = {
			isa = PBXVariantGroup;
			children = (
				1958B992133E896500C90D1A /* en */,
			);
			name = RootViewController.xib;
			sourceTree = "<group>";
		};
/* End PBXVariantGroup section */

/* Begin XCBuildConfiguration section */
		1958B9AA133E896500C90D1A /* Debug */ = {
			isa = XCBuildConfiguration;
			buildSettings = {
				ARCHS = "$(ARCHS_STANDARD_32_BIT)";
				"CODE_SIGN_IDENTITY[sdk=iphoneos*]" = "iPhone Developer";
				GCC_C_LANGUAGE_STANDARD = gnu99;
				GCC_OPTIMIZATION_LEVEL = 0;
				GCC_PREPROCESSOR_DEFINITIONS = DEBUG;
				GCC_SYMBOLS_PRIVATE_EXTERN = NO;
				GCC_VERSION = com.apple.compilers.llvmgcc42;
				GCC_WARN_ABOUT_RETURN_TYPE = YES;
				GCC_WARN_UNUSED_VARIABLE = YES;
				IPHONEOS_DEPLOYMENT_TARGET = 4.3;
				SDKROOT = iphoneos;
			};
			name = Debug;
		};
		1958B9AB133E896500C90D1A /* Release */ = {
			isa = XCBuildConfiguration;
			buildSettings = {
				ARCHS = "$(ARCHS_STANDARD_32_BIT)";
				"CODE_SIGN_IDENTITY[sdk=iphoneos*]" = "iPhone Developer";
				GCC_C_LANGUAGE_STANDARD = gnu99;
				GCC_VERSION = com.apple.compilers.llvmgcc42;
				GCC_WARN_ABOUT_RETURN_TYPE = YES;
				GCC_WARN_UNUSED_VARIABLE = YES;
				IPHONEOS_DEPLOYMENT_TARGET = 4.3;
				OTHER_CFLAGS = "-DNS_BLOCK_ASSERTIONS=1";
				SDKROOT = iphoneos;
			};
			name = Release;
		};
		1958B9AD133E896500C90D1A /* Debug */ = {
			isa = XCBuildConfiguration;
			buildSettings = {
				ALWAYS_SEARCH_USER_PATHS = NO;
				COPY_PHASE_STRIP = NO;
				GCC_C_LANGUAGE_STANDARD = c99;
				GCC_DYNAMIC_NO_PIC = NO;
				GCC_PRECOMPILE_PREFIX_HEADER = YES;
				GCC_PREFIX_HEADER = "FacebookAPI/FacebookAPI-Prefix.pch";
				GCC_VERSION = com.apple.compilers.llvm.clang.1_0;
				INFOPLIST_FILE = "FacebookAPI/FacebookAPI-Info.plist";
				PRODUCT_NAME = "$(TARGET_NAME)";
				WRAPPER_EXTENSION = app;
			};
			name = Debug;
		};
		1958B9AE133E896500C90D1A /* Release */ = {
			isa = XCBuildConfiguration;
			buildSettings = {
				ALWAYS_SEARCH_USER_PATHS = NO;
				COPY_PHASE_STRIP = YES;
				GCC_C_LANGUAGE_STANDARD = c99;
				GCC_PRECOMPILE_PREFIX_HEADER = YES;
				GCC_PREFIX_HEADER = "FacebookAPI/FacebookAPI-Prefix.pch";
				GCC_VERSION = com.apple.compilers.llvm.clang.1_0;
				INFOPLIST_FILE = "FacebookAPI/FacebookAPI-Info.plist";
				PRODUCT_NAME = "$(TARGET_NAME)";
				VALIDATE_PRODUCT = YES;
				WRAPPER_EXTENSION = app;
			};
			name = Release;
		};
/* End XCBuildConfiguration section */

/* Begin XCConfigurationList section */
		1958B96F133E896400C90D1A /* Build configuration list for PBXProject "FacebookAPI" */ = {
			isa = XCConfigurationList;
			buildConfigurations = (
				1958B9AA133E896500C90D1A /* Debug */,
				1958B9AB133E896500C90D1A /* Release */,
			);
			defaultConfigurationIsVisible = 0;
			defaultConfigurationName = Release;
		};
		1958B9AC133E896500C90D1A /* Build configuration list for PBXNativeTarget "FacebookAPI" */ = {
			isa = XCConfigurationList;
			buildConfigurations = (
				1958B9AD133E896500C90D1A /* Debug */,
				1958B9AE133E896500C90D1A /* Release */,
			);
			defaultConfigurationIsVisible = 0;
			defaultConfigurationName = Release;
		};
/* End XCConfigurationList section */
	};
	rootObject = 1958B96C133E896400C90D1A /* Project object */;
}
